PODS:
  - desktop_drop (0.4.4):
    - Flutter
  - Flutter (1.0.0)

DEPENDENCIES:
  - desktop_drop (from `.symlinks/plugins/desktop_drop/ios`)
  - Flutter (from `Flutter`)

EXTERNAL SOURCES:
  desktop_drop:
    :path: ".symlinks/plugins/desktop_drop/ios"
  Flutter:
    :path: Flutter

SPEC CHECKSUMS:
  desktop_drop: 70f50fb2ffada11706498ac3b3d0f0422fe4d89e
  Flutter: e0871f40cf51350855a761d2e70bf5af5b9b5de7

PODFILE CHECKSUM: 819463e6a0290f5a72f145ba7cde16e8b6ef0796

COCOAPODS: 1.15.2
